// !$*UTF8*$!
{
	archiveVersion = 1;
	classes = {
	};
	objectVersion = 46;
	objects = {

/* Begin PBXBuildFile section */
		C6BBDC961AE607A4004424BD /* AppDelegate.swift in Sources */ = {isa = PBXBuildFile; fileRef = C6BBDC951AE607A4004424BD /* AppDelegate.swift */; };
		C6BBDC981AE607A4004424BD /* ViewController.swift in Sources */ = {isa = PBXBuildFile; fileRef = C6BBDC971AE607A4004424BD /* ViewController.swift */; };
		C6BBDC9B1AE607A4004424BD /* Main.storyboard in Resources */ = {isa = PBXBuildFile; fileRef = C6BBDC991AE607A4004424BD /* Main.storyboard */; };
		C6BBDC9D1AE607A4004424BD /* Images.xcassets in Resources */ = {isa = PBXBuildFile; fileRef = C6BBDC9C1AE607A4004424BD /* Images.xcassets */; };
		C6BBDCA01AE607A4004424BD /* LaunchScreen.xib in Resources */ = {isa = PBXBuildFile; fileRef = C6BBDC9E1AE607A4004424BD /* LaunchScreen.xib */; };
		C6BBDCAC1AE607A4004424BD /* FlagTrixPrototypeTests.swift in Sources */ = {isa = PBXBuildFile; fileRef = C6BBDCAB1AE607A4004424BD /* FlagTrixPrototypeTests.swift */; };
/* End PBXBuildFile section */

/* Begin PBXContainerItemProxy section */
		C6BBDCA61AE607A4004424BD /* PBXContainerItemProxy */ = {
			isa = PBXContainerItemProxy;
			containerPortal = C6BBDC881AE607A4004424BD /* Project object */;
			proxyType = 1;
			remoteGlobalIDString = C6BBDC8F1AE607A4004424BD;
			remoteInfo = FlagTrixPrototype;
		};
/* End PBXContainerItemProxy section */

/* Begin PBXFileReference section */
		288AF3D51AEE111C00A3FA18 /* en */ = {isa = PBXFileReference; lastKnownFileType = text.plist.strings; name = en; path = en.lproj/Main.strings; sourceTree = "<group>"; };
		C6BBDC901AE607A4004424BD /* FlagTrixPrototype.app */ = {isa = PBXFileReference; explicitFileType = wrapper.application; includeInIndex = 0; path = FlagTrixPrototype.app; sourceTree = BUILT_PRODUCTS_DIR; };
		C6BBDC941AE607A4004424BD /* Info.plist */ = {isa = PBXFileReference; lastKnownFileType = text.plist.xml; path = Info.plist; sourceTree = "<group>"; };
		C6BBDC951AE607A4004424BD /* AppDelegate.swift */ = {isa = PBXFileReference; lastKnownFileType = sourcecode.swift; path = AppDelegate.swift; sourceTree = "<group>"; };
		C6BBDC971AE607A4004424BD /* ViewController.swift */ = {isa = PBXFileReference; lastKnownFileType = sourcecode.swift; path = ViewController.swift; sourceTree = "<group>"; };
		C6BBDC9A1AE607A4004424BD /* Base */ = {isa = PBXFileReference; lastKnownFileType = file.storyboard; name = Base; path = Base.lproj/Main.storyboard; sourceTree = "<group>"; };
		C6BBDC9C1AE607A4004424BD /* Images.xcassets */ = {isa = PBXFileReference; lastKnownFileType = folder.assetcatalog; path = Images.xcassets; sourceTree = "<group>"; };
		C6BBDC9F1AE607A4004424BD /* Base */ = {isa = PBXFileReference; lastKnownFileType = file.xib; name = Base; path = Base.lproj/LaunchScreen.xib; sourceTree = "<group>"; };
		C6BBDCA51AE607A4004424BD /* FlagTrixPrototypeTests.xctest */ = {isa = PBXFileReference; explicitFileType = wrapper.cfbundle; includeInIndex = 0; path = FlagTrixPrototypeTests.xctest; sourceTree = BUILT_PRODUCTS_DIR; };
		C6BBDCAA1AE607A4004424BD /* Info.plist */ = {isa = PBXFileReference; lastKnownFileType = text.plist.xml; path = Info.plist; sourceTree = "<group>"; };
		C6BBDCAB1AE607A4004424BD /* FlagTrixPrototypeTests.swift */ = {isa = PBXFileReference; lastKnownFileType = sourcecode.swift; path = FlagTrixPrototypeTests.swift; sourceTree = "<group>"; };
/* End PBXFileReference section */

/* Begin PBXFrameworksBuildPhase section */
		C6BBDC8D1AE607A4004424BD /* Frameworks */ = {
			isa = PBXFrameworksBuildPhase;
			buildActionMask = 2147483647;
			files = (
			);
			runOnlyForDeploymentPostprocessing = 0;
		};
		C6BBDCA21AE607A4004424BD /* Frameworks */ = {
			isa = PBXFrameworksBuildPhase;
			buildActionMask = 2147483647;
			files = (
			);
			runOnlyForDeploymentPostprocessing = 0;
		};
/* End PBXFrameworksBuildPhase section */

/* Begin PBXGroup section */
		C6BBDC871AE607A4004424BD = {
			isa = PBXGroup;
			children = (
				C6BBDC921AE607A4004424BD /* FlagTrixPrototype */,
				C6BBDCA81AE607A4004424BD /* FlagTrixPrototypeTests */,
				C6BBDC911AE607A4004424BD /* Products */,
			);
			sourceTree = "<group>";
		};
		C6BBDC911AE607A4004424BD /* Products */ = {
			isa = PBXGroup;
			children = (
				C6BBDC901AE607A4004424BD /* FlagTrixPrototype.app */,
				C6BBDCA51AE607A4004424BD /* FlagTrixPrototypeTests.xctest */,
			);
			name = Products;
			sourceTree = "<group>";
		};
		C6BBDC921AE607A4004424BD /* FlagTrixPrototype */ = {
			isa = PBXGroup;
			children = (
				C6BBDC951AE607A4004424BD /* AppDelegate.swift */,
				C6BBDC971AE607A4004424BD /* ViewController.swift */,
				C6BBDC991AE607A4004424BD /* Main.storyboard */,
				C6BBDC9C1AE607A4004424BD /* Images.xcassets */,
				C6BBDC9E1AE607A4004424BD /* LaunchScreen.xib */,
				C6BBDC931AE607A4004424BD /* Supporting Files */,
			);
			path = FlagTrixPrototype;
			sourceTree = "<group>";
		};
		C6BBDC931AE607A4004424BD /* Supporting Files */ = {
			isa = PBXGroup;
			children = (
				C6BBDC941AE607A4004424BD /* Info.plist */,
			);
			name = "Supporting Files";
			sourceTree = "<group>";
		};
		C6BBDCA81AE607A4004424BD /* FlagTrixPrototypeTests */ = {
			isa = PBXGroup;
			children = (
				C6BBDCAB1AE607A4004424BD /* FlagTrixPrototypeTests.swift */,
				C6BBDCA91AE607A4004424BD /* Supporting Files */,
			);
			path = FlagTrixPrototypeTests;
			sourceTree = "<group>";
		};
		C6BBDCA91AE607A4004424BD /* Supporting Files */ = {
			isa = PBXGroup;
			children = (
				C6BBDCAA1AE607A4004424BD /* Info.plist */,
			);
			name = "Supporting Files";
			sourceTree = "<group>";
		};
/* End PBXGroup section */

/* Begin PBXNativeTarget section */
		C6BBDC8F1AE607A4004424BD /* FlagTrixPrototype */ = {
			isa = PBXNativeTarget;
			buildConfigurationList = C6BBDCAF1AE607A4004424BD /* Build configuration list for PBXNativeTarget "FlagTrixPrototype" */;
			buildPhases = (
				C6BBDC8C1AE607A4004424BD /* Sources */,
				C6BBDC8D1AE607A4004424BD /* Frameworks */,
				C6BBDC8E1AE607A4004424BD /* Resources */,
			);
			buildRules = (
			);
			dependencies = (
			);
			name = FlagTrixPrototype;
			productName = FlagTrixPrototype;
			productReference = C6BBDC901AE607A4004424BD /* FlagTrixPrototype.app */;
			productType = "com.apple.product-type.application";
		};
		C6BBDCA41AE607A4004424BD /* FlagTrixPrototypeTests */ = {
			isa = PBXNativeTarget;
			buildConfigurationList = C6BBDCB21AE607A4004424BD /* Build configuration list for PBXNativeTarget "FlagTrixPrototypeTests" */;
			buildPhases = (
				C6BBDCA11AE607A4004424BD /* Sources */,
				C6BBDCA21AE607A4004424BD /* Frameworks */,
				C6BBDCA31AE607A4004424BD /* Resources */,
			);
			buildRules = (
			);
			dependencies = (
				C6BBDCA71AE607A4004424BD /* PBXTargetDependency */,
			);
			name = FlagTrixPrototypeTests;
			productName = FlagTrixPrototypeTests;
			productReference = C6BBDCA51AE607A4004424BD /* FlagTrixPrototypeTests.xctest */;
			productType = "com.apple.product-type.bundle.unit-test";
		};
/* End PBXNativeTarget section */

/* Begin PBXProject section */
		C6BBDC881AE607A4004424BD /* Project object */ = {
			isa = PBXProject;
			attributes = {
				LastUpgradeCheck = 0620;
				ORGANIZATIONNAME = "Rifqi Ryan";
				TargetAttributes = {
					C6BBDC8F1AE607A4004424BD = {
						CreatedOnToolsVersion = 6.2;
					};
					C6BBDCA41AE607A4004424BD = {
						CreatedOnToolsVersion = 6.2;
						TestTargetID = C6BBDC8F1AE607A4004424BD;
					};
				};
			};
			buildConfigurationList = C6BBDC8B1AE607A4004424BD /* Build configuration list for PBXProject "FlagTrixPrototype" */;
			compatibilityVersion = "Xcode 3.2";
			developmentRegion = English;
			hasScannedForEncodings = 0;
			knownRegions = (
				en,
				Base,
			);
			mainGroup = C6BBDC871AE607A4004424BD;
			productRefGroup = C6BBDC911AE607A4004424BD /* Products */;
			projectDirPath = "";
			projectRoot = "";
			targets = (
				C6BBDC8F1AE607A4004424BD /* FlagTrixPrototype */,
				C6BBDCA41AE607A4004424BD /* FlagTrixPrototypeTests */,
			);
		};
/* End PBXProject section */

/* Begin PBXResourcesBuildPhase section */
		C6BBDC8E1AE607A4004424BD /* Resources */ = {
			isa = PBXResourcesBuildPhase;
			buildActionMask = 2147483647;
			files = (
				C6BBDC9B1AE607A4004424BD /* Main.storyboard in Resources */,
				C6BBDCA01AE607A4004424BD /* LaunchScreen.xib in Resources */,
				C6BBDC9D1AE607A4004424BD /* Images.xcassets in Resources */,
			);
			runOnlyForDeploymentPostprocessing = 0;
		};
		C6BBDCA31AE607A4004424BD /* Resources */ = {
			isa = PBXResourcesBuildPhase;
			buildActionMask = 2147483647;
			files = (
			);
			runOnlyForDeploymentPostprocessing = 0;
		};
/* End PBXResourcesBuildPhase section */

/* Begin PBXSourcesBuildPhase section */
		C6BBDC8C1AE607A4004424BD /* Sources */ = {
			isa = PBXSourcesBuildPhase;
			buildActionMask = 2147483647;
			files = (
				C6BBDC981AE607A4004424BD /* ViewController.swift in Sources */,
				C6BBDC961AE607A4004424BD /* AppDelegate.swift in Sources */,
			);
			runOnlyForDeploymentPostprocessing = 0;
		};
		C6BBDCA11AE607A4004424BD /* Sources */ = {
			isa = PBXSourcesBuildPhase;
			buildActionMask = 2147483647;
			files = (
				C6BBDCAC1AE607A4004424BD /* FlagTrixPrototypeTests.swift in Sources */,
			);
			runOnlyForDeploymentPostprocessing = 0;
		};
/* End PBXSourcesBuildPhase section */

/* Begin PBXTargetDependency section */
		C6BBDCA71AE607A4004424BD /* PBXTargetDependency */ = {
			isa = PBXTargetDependency;
			target = C6BBDC8F1AE607A4004424BD /* FlagTrixPrototype */;
			targetProxy = C6BBDCA61AE607A4004424BD /* PBXContainerItemProxy */;
		};
/* End PBXTargetDependency section */

/* Begin PBXVariantGroup section */
		C6BBDC991AE607A4004424BD /* Main.storyboard */ = {
			isa = PBXVariantGroup;
			children = (
				C6BBDC9A1AE607A4004424BD /* Base */,
				288AF3D51AEE111C00A3FA18 /* en */,
			);
			name = Main.storyboard;
			sourceTree = "<group>";
		};
		C6BBDC9E1AE607A4004424BD /* LaunchScreen.xib */ = {
			isa = PBXVariantGroup;
			children = (
				C6BBDC9F1AE607A4004424BD /* Base */,
			);
			name = LaunchScreen.xib;
			sourceTree = "<group>";
		};
/* End PBXVariantGroup section */

/* Begin XCBuildConfiguration section */
		C6BBDCAD1AE607A4004424BD /* Debug */ = {
			isa = XCBuildConfiguration;
			buildSettings = {
				ALWAYS_SEARCH_USER_PATHS = NO;
				CLANG_CXX_LANGUAGE_STANDARD = "gnu++0x";
				CLANG_CXX_LIBRARY = "libc++";
				CLANG_ENABLE_MODULES = YES;
				CLANG_ENABLE_OBJC_ARC = YES;
				CLANG_WARN_BOOL_CONVERSION = YES;
				CLANG_WARN_CONSTANT_CONVERSION = YES;
				CLANG_WARN_DIRECT_OBJC_ISA_USAGE = YES_ERROR;
				CLANG_WARN_EMPTY_BODY = YES;
				CLANG_WARN_ENUM_CONVERSION = YES;
				CLANG_WARN_INT_CONVERSION = YES;
				CLANG_WARN_OBJC_ROOT_CLASS = YES_ERROR;
				CLANG_WARN_UNREACHABLE_CODE = YES;
				CLANG_WARN__DUPLICATE_METHOD_MATCH = YES;
				"CODE_SIGN_IDENTITY[sdk=iphoneos*]" = "iPhone Developer";
				COPY_PHASE_STRIP = NO;
				ENABLE_STRICT_OBJC_MSGSEND = YES;
				GCC_C_LANGUAGE_STANDARD = gnu99;
				GCC_DYNAMIC_NO_PIC = NO;
				GCC_OPTIMIZATION_LEVEL = 0;
				GCC_PREPROCESSOR_DEFINITIONS = (
					"DEBUG=1",
					"$(inherited)",
				);
				GCC_SYMBOLS_PRIVATE_EXTERN = NO;
				GCC_WARN_64_TO_32_BIT_CONVERSION = YES;
				GCC_WARN_ABOUT_RETURN_TYPE = YES_ERROR;
				GCC_WARN_UNDECLARED_SELECTOR = YES;
				GCC_WARN_UNINITIALIZED_AUTOS = YES_AGGRESSIVE;
				GCC_WARN_UNUSED_FUNCTION = YES;
				GCC_WARN_UNUSED_VARIABLE = YES;
				IPHONEOS_DEPLOYMENT_TARGET = 8.2;
				MTL_ENABLE_DEBUG_INFO = YES;
				ONLY_ACTIVE_ARCH = YES;
				SDKROOT = iphoneos;
				SWIFT_OPTIMIZATION_LEVEL = "-Onone";
			};
			name = Debug;
		};
		C6BBDCAE1AE607A4004424BD /* Release */ = {
			isa = XCBuildConfiguration;
			buildSettings = {
				ALWAYS_SEARCH_USER_PATHS = NO;
				CLANG_CXX_LANGUAGE_STANDARD = "gnu++0x";
				CLANG_CXX_LIBRARY = "libc++";
				CLANG_ENABLE_MODULES = YES;
				CLANG_ENABLE_OBJC_ARC = YES;
				CLANG_WARN_BOOL_CONVERSION = YES;
				CLANG_WARN_CONSTANT_CONVERSION = YES;
				CLANG_WARN_DIRECT_OBJC_ISA_USAGE = YES_ERROR;
				CLANG_WARN_EMPTY_BODY = YES;
				CLANG_WARN_ENUM_CONVERSION = YES;
				CLANG_WARN_INT_CONVERSION = YES;
				CLANG_WARN_OBJC_ROOT_CLASS = YES_ERROR;
				CLANG_WARN_UNREACHABLE_CODE = YES;
				CLANG_WARN__DUPLICATE_METHOD_MATCH = YES;
				"CODE_SIGN_IDENTITY[sdk=iphoneos*]" = "iPhone Developer";
				COPY_PHASE_STRIP = NO;
				ENABLE_NS_ASSERTIONS = NO;
				ENABLE_STRICT_OBJC_MSGSEND = YES;
				GCC_C_LANGUAGE_STANDARD = gnu99;
				GCC_WARN_64_TO_32_BIT_CONVERSION = YES;
				GCC_WARN_ABOUT_RETURN_TYPE = YES_ERROR;
				GCC_WARN_UNDECLARED_SELECTOR = YES;
				GCC_WARN_UNINITIALIZED_AUTOS = YES_AGGRESSIVE;
				GCC_WARN_UNUSED_FUNCTION = YES;
				GCC_WARN_UNUSED_VARIABLE = YES;
				IPHONEOS_DEPLOYMENT_TARGET = 8.2;
				MTL_ENABLE_DEBUG_INFO = NO;
				SDKROOT = iphoneos;
				VALIDATE_PRODUCT = YES;
			};
			name = Release;
		};
		C6BBDCB01AE607A4004424BD /* Debug */ = {
			isa = XCBuildConfiguration;
			buildSettings = {
				ASSETCATALOG_COMPILER_APPICON_NAME = AppIcon;
				INFOPLIST_FILE = FlagTrixPrototype/Info.plist;
				LD_RUNPATH_SEARCH_PATHS = "$(inherited) @executable_path/Frameworks";
				PRODUCT_NAME = "$(TARGET_NAME)";
			};
			name = Debug;
		};
		C6BBDCB11AE607A4004424BD /* Release */ = {
			isa = XCBuildConfiguration;
			buildSettings = {
				ASSETCATALOG_COMPILER_APPICON_NAME = AppIcon;
				INFOPLIST_FILE = FlagTrixPrototype/Info.plist;
				LD_RUNPATH_SEARCH_PATHS = "$(inherited) @executable_path/Frameworks";
				PRODUCT_NAME = "$(TARGET_NAME)";
			};
			name = Release;
		};
		C6BBDCB31AE607A4004424BD /* Debug */ = {
			isa = XCBuildConfiguration;
			buildSettings = {
				BUNDLE_LOADER = "$(TEST_HOST)";
				FRAMEWORK_SEARCH_PATHS = (
					"$(SDKROOT)/Developer/Library/Frameworks",
					"$(inherited)",
				);
				GCC_PREPROCESSOR_DEFINITIONS = (
					"DEBUG=1",
					"$(inherited)",
				);
				INFOPLIST_FILE = FlagTrixPrototypeTests/Info.plist;
				LD_RUNPATH_SEARCH_PATHS = "$(inherited) @executable_path/Frameworks @loader_path/Frameworks";
				PRODUCT_NAME = "$(TARGET_NAME)";
				TEST_HOST = "$(BUILT_PRODUCTS_DIR)/FlagTrixPrototype.app/FlagTrixPrototype";
			};
			name = Debug;
		};
		C6BBDCB41AE607A4004424BD /* Release */ = {
			isa = XCBuildConfiguration;
			buildSettings = {
				BUNDLE_LOADER = "$(TEST_HOST)";
				FRAMEWORK_SEARCH_PATHS = (
					"$(SDKROOT)/Developer/Library/Frameworks",
					"$(inherited)",
				);
				INFOPLIST_FILE = FlagTrixPrototypeTests/Info.plist;
				LD_RUNPATH_SEARCH_PATHS = "$(inherited) @executable_path/Frameworks @loader_path/Frameworks";
				PRODUCT_NAME = "$(TARGET_NAME)";
				TEST_HOST = "$(BUILT_PRODUCTS_DIR)/FlagTrixPrototype.app/FlagTrixPrototype";
			};
			name = Release;
		};
/* End XCBuildConfiguration section */

/* Begin XCConfigurationList section */
		C6BBDC8B1AE607A4004424BD /* Build configuration list for PBXProject "FlagTrixPrototype" */ = {
			isa = XCConfigurationList;
			buildConfigurations = (
				C6BBDCAD1AE607A4004424BD /* Debug */,
				C6BBDCAE1AE607A4004424BD /* Release */,
			);
			defaultConfigurationIsVisible = 0;
			defaultConfigurationName = Release;
		};
		C6BBDCAF1AE607A4004424BD /* Build configuration list for PBXNativeTarget "FlagTrixPrototype" */ = {
			isa = XCConfigurationList;
			buildConfigurations = (
				C6BBDCB01AE607A4004424BD /* Debug */,
				C6BBDCB11AE607A4004424BD /* Release */,
			);
			defaultConfigurationIsVisible = 0;
			defaultConfigurationName = Release;
		};
		C6BBDCB21AE607A4004424BD /* Build configuration list for PBXNativeTarget "FlagTrixPrototypeTests" */ = {
			isa = XCConfigurationList;
			buildConfigurations = (
				C6BBDCB31AE607A4004424BD /* Debug */,
				C6BBDCB41AE607A4004424BD /* Release */,
			);
			defaultConfigurationIsVisible = 0;
			defaultConfigurationName = Release;
		};
/* End XCConfigurationList section */
	};
	rootObject = C6BBDC881AE607A4004424BD /* Project object */;
}
